
Microsoft Visual Studio Solution File, Format Version 12.00
# Visual Studio Version 17
VisualStudioVersion = 17.8.34330.188
MinimumVisualStudioVersion = 10.0.40219.1
Project("{FAE04EC0-301F-11D3-BF4B-00C04F79EFBC}") = "WebAppMvcAzureSql", "WebAppMvcAzureSql\WebAppMvcAzureSql.csproj", "{4CDD940D-DAFD-4228-869B-AD2BD29E0AD0}"
EndProject
Global
	GlobalSection(SolutionConfigurationPlatforms) = preSolution
		Debug|Any CPU = Debug|Any CPU
		Release|Any CPU = Release|Any CPU
	EndGlobalSection
	GlobalSection(ProjectConfigurationPlatforms) = postSolution
		{4CDD940D-DAFD-4228-869B-AD2BD29E0AD0}.Debug|Any CPU.ActiveCfg = Debug|Any CPU
		{4CDD940D-DAFD-4228-869B-AD2BD29E0AD0}.Debug|Any CPU.Build.0 = Debug|Any CPU
		{4CDD940D-DAFD-4228-869B-AD2BD29E0AD0}.Release|Any CPU.ActiveCfg = Release|Any CPU
		{4CDD940D-DAFD-4228-869B-AD2BD29E0AD0}.Release|Any CPU.Build.0 = Release|Any CPU
	EndGlobalSection
	GlobalSection(SolutionProperties) = preSolution
		HideSolutionNode = FALSE
	EndGlobalSection
	GlobalSection(ExtensibilityGlobals) = postSolution
		SolutionGuid = {21959B32-C995-43AB-889C-F6F1E11ADF16}
	EndGlobalSection
EndGlobal
